
Microsoft Visual Studio Solution File, Format Version 12.00
# Visual Studio 15
VisualStudioVersion = 15.0.28010.2046
MinimumVisualStudioVersion = 10.0.40219.1
Project("{FAE04EC0-301F-11D3-BF4B-00C04F79EFBC}") = "Task 6", "Task 6\Task 6.csproj", "{5A994C2B-1B7C-43FE-BE60-FEE527F554E1}"
EndProject
Global
	GlobalSection(SolutionConfigurationPlatforms) = preSolution
		Debug|Any CPU = Debug|Any CPU
		Release|Any CPU = Release|Any CPU
	EndGlobalSection
	GlobalSection(ProjectConfigurationPlatforms) = postSolution
		{5A994C2B-1B7C-43FE-BE60-FEE527F554E1}.Debug|Any CPU.ActiveCfg = Debug|Any CPU
		{5A994C2B-1B7C-43FE-BE60-FEE527F554E1}.Debug|Any CPU.Build.0 = Debug|Any CPU
		{5A994C2B-1B7C-43FE-BE60-FEE527F554E1}.Release|Any CPU.ActiveCfg = Release|Any CPU
		{5A994C2B-1B7C-43FE-BE60-FEE527F554E1}.Release|Any CPU.Build.0 = Release|Any CPU
	EndGlobalSection
	GlobalSection(SolutionProperties) = preSolution
		HideSolutionNode = FALSE
	EndGlobalSection
	GlobalSection(ExtensibilityGlobals) = postSolution
		SolutionGuid = {2C52D928-7B11-4DDD-A99D-0528541A42EE}
	EndGlobalSection
EndGlobal
